
Microsoft Visual Studio Solution File, Format Version 12.00
# Visual Studio Version 17
VisualStudioVersion = 17.10.35122.118
MinimumVisualStudioVersion = 10.0.40219.1
Project("{FAE04EC0-301F-11D3-BF4B-00C04F79EFBC}") = "SAAPHelper", "SAAPHelper\SAAPHelper.csproj", "{5CE8DE70-5E6E-4E93-8A88-39C7E53BA7BB}"
EndProject
Project("{FAE04EC0-301F-11D3-BF4B-00C04F79EFBC}") = "FileHelper", "FileHelper\FileHelper.csproj", "{96B79256-86FC-4544-83A8-ABAC775AF84E}"
EndProject
Global
	GlobalSection(SolutionConfigurationPlatforms) = preSolution
		Debug|Any CPU = Debug|Any CPU
		Release|Any CPU = Release|Any CPU
	EndGlobalSection
	GlobalSection(ProjectConfigurationPlatforms) = postSolution
		{5CE8DE70-5E6E-4E93-8A88-39C7E53BA7BB}.Debug|Any CPU.ActiveCfg = Debug|Any CPU
		{5CE8DE70-5E6E-4E93-8A88-39C7E53BA7BB}.Debug|Any CPU.Build.0 = Debug|Any CPU
		{5CE8DE70-5E6E-4E93-8A88-39C7E53BA7BB}.Release|Any CPU.ActiveCfg = Release|Any CPU
		{5CE8DE70-5E6E-4E93-8A88-39C7E53BA7BB}.Release|Any CPU.Build.0 = Release|Any CPU
		{96B79256-86FC-4544-83A8-ABAC775AF84E}.Debug|Any CPU.ActiveCfg = Debug|Any CPU
		{96B79256-86FC-4544-83A8-ABAC775AF84E}.Debug|Any CPU.Build.0 = Debug|Any CPU
		{96B79256-86FC-4544-83A8-ABAC775AF84E}.Release|Any CPU.ActiveCfg = Release|Any CPU
		{96B79256-86FC-4544-83A8-ABAC775AF84E}.Release|Any CPU.Build.0 = Release|Any CPU
	EndGlobalSection
	GlobalSection(SolutionProperties) = preSolution
		HideSolutionNode = FALSE
	EndGlobalSection
	GlobalSection(ExtensibilityGlobals) = postSolution
		SolutionGuid = {C682CD04-259C-41C7-A1EE-D3E64278672C}
	EndGlobalSection
EndGlobal
